{
  "name": "Health",
  "version": "0.0.0",
  "lockfileVersion": 1,
  "requires": true,
  "dependencies": {
    "@uirouter/angularjs": {
      "version": "1.0.7",
      "resolved": "https://registry.npmjs.org/@uirouter/angularjs/-/angularjs-1.0.7.tgz",
      "integrity": "sha512-R3s+Dn3fO/v282CKUzRzpL7KUAR3AVpoL0hTCTugxOFDTvM6nOo6V2cBg5HWE3YnHKboSEGWhQYHv2/kNR67oA==",
      "dev": true,
      "requires": {
        "@uirouter/core": "5.0.8"
      }
    },
    "@uirouter/core": {
      "version": "5.0.8",
      "resolved": "https://registry.npmjs.org/@uirouter/core/-/core-5.0.8.tgz",
      "integrity": "sha512-5Xb+hIAH0rqlRjZU4o2IorMRheIZdxOFsflTzWMzsM+d3ri/ManPe84ACl0qEovfKqY4aXXy8Gz8m7D4D5S+rw==",
      "dev": true
    },
    "angular": {
      "version": "1.5.8",
      "resolved": "https://registry.npmjs.org/angular/-/angular-1.5.8.tgz",
      "integrity": "sha1-klpTkrjCEtCVctxEbbfgEmTglMs=",
      "dev": true
    },
    "angular-animate": {
      "version": "1.5.8",
      "resolved": "https://registry.npmjs.org/angular-animate/-/angular-animate-1.5.8.tgz",
      "integrity": "sha1-U19zaSJaun+xW/cTTHGxW8Y1xYY=",
      "dev": true
    },
    "angular-aria": {
      "version": "1.5.8",
      "resolved": "https://registry.npmjs.org/angular-aria/-/angular-aria-1.5.8.tgz",
      "integrity": "sha1-VY+gfcgsb6V7FDjmYLvc/LgFovU=",
      "dev": true
    },
    "angular-cookies": {
      "version": "1.5.8",
      "resolved": "https://registry.npmjs.org/angular-cookies/-/angular-cookies-1.5.8.tgz",
      "integrity": "sha1-CPOfouF7bjqRbNO6c1L51wLoqf4=",
      "dev": true
    },
    "angular-local-storage": {
      "version": "0.5.2",
      "resolved": "https://registry.npmjs.org/angular-local-storage/-/angular-local-storage-0.5.2.tgz",
      "integrity": "sha1-cHm+sKpcqROG0iMSXv79E8oOzQw=",
      "dev": true
    },
    "angular-messages": {
      "version": "1.5.8",
      "resolved": "https://registry.npmjs.org/angular-messages/-/angular-messages-1.5.8.tgz",
      "integrity": "sha1-H5HR5/P08uWrWt7+4smnGWsaNM8=",
      "dev": true
    },
    "angular-resource": {
      "version": "1.5.8",
      "resolved": "https://registry.npmjs.org/angular-resource/-/angular-resource-1.5.8.tgz",
      "integrity": "sha1-q/ZN6kca7EKWr/CkVc48YM15vZ8=",
      "dev": true
    },
    "angular-route": {
      "version": "1.5.8",
      "resolved": "https://registry.npmjs.org/angular-route/-/angular-route-1.5.8.tgz",
      "integrity": "sha1-lkCT3n7I3FeZvVapOmzl9gCVZ0s=",
      "dev": true
    },
    "angular-sanitize": {
      "version": "1.5.8",
      "resolved": "https://registry.npmjs.org/angular-sanitize/-/angular-sanitize-1.5.8.tgz",
      "integrity": "sha1-GDL2lIfuggohy+MAVaj7G98perg=",
      "dev": true
    },
    "angular-touch": {
      "version": "1.5.8",
      "resolved": "https://registry.npmjs.org/angular-touch/-/angular-touch-1.5.8.tgz",
      "integrity": "sha1-skQ8Q1+HdGF+55uxH7ae9PXVuPU=",
      "dev": true
    },
    "angular-translate": {
      "version": "2.12.1",
      "resolved": "https://registry.npmjs.org/angular-translate/-/angular-translate-2.12.1.tgz",
      "integrity": "sha1-MThkQGdxa/1Y+5liJzB1BEKk5Fw=",
      "dev": true,
      "requires": {
        "angular": "1.5.8"
      }
    },
    "angular-translate-loader-partial": {
      "version": "2.12.1",
      "resolved": "https://registry.npmjs.org/angular-translate-loader-partial/-/angular-translate-loader-partial-2.12.1.tgz",
      "integrity": "sha1-9zcH+d72xxg35y2JJJ5Hp44cieA=",
      "dev": true,
      "requires": {
        "angular-translate": "2.12.1"
      }
    },
    "angular-ui-bootstrap": {
      "version": "2.5.4",
      "resolved": "https://registry.npmjs.org/angular-ui-bootstrap/-/angular-ui-bootstrap-2.5.4.tgz",
      "integrity": "sha512-z5bh+NhlXTEinCtCORFRF+k3a+E6boo8Y1rmSszOplKH+WMkFqM8V+LQsrcqxinNSzJPb4qriO5SifmSe4uDig==",
      "dev": true
    },
    "animate.css": {
      "version": "3.5.1",
      "resolved": "https://registry.npmjs.org/animate.css/-/animate.css-3.5.1.tgz",
      "integrity": "sha1-n55N9TuiveAwiRvPc9jw2UC1fGM=",
      "dev": true
    },
    "bootstrap": {
      "version": "3.3.7",
      "resolved": "https://registry.npmjs.org/bootstrap/-/bootstrap-3.3.7.tgz",
      "integrity": "sha1-WjiTlFSfIzMIdaOxUGVldPip63E=",
      "dev": true
    },
    "jquery": {
      "version": "3.1.1",
      "resolved": "https://registry.npmjs.org/jquery/-/jquery-3.1.1.tgz",
      "integrity": "sha1-NHwcIcfgBBFeCk2jLOzgQfrTyKM=",
      "dev": true
    },
    "moment": {
      "version": "2.10.6",
      "resolved": "https://registry.npmjs.org/moment/-/moment-2.10.6.tgz",
      "integrity": "sha1-bLIZZ8ecunsMpeZmRPFzZis++nc=",
      "dev": true
    }
  }
}
